
Microsoft Visual Studio Solution File, Format Version 12.00
# Visual Studio Version 17
VisualStudioVersion = 17.5.002.0
MinimumVisualStudioVersion = 10.0.40219.1
Project("{2150E333-8FDC-42A3-9474-1A3956D46DE8}") = "Lab_1", "Lab_1", "{E8DF5E6E-E0F8-441C-BCF7-428360B4A568}"
EndProject
Project("{9A19103F-16F7-4668-BE54-9A1E7A4F7556}") = "Lab_1", "Lab_1\Lab_1.csproj", "{29FDDBC9-9A44-4111-8224-E5FD737CCAE9}"
EndProject
Global
	GlobalSection(SolutionConfigurationPlatforms) = preSolution
		Debug|Any CPU = Debug|Any CPU
		Release|Any CPU = Release|Any CPU
	EndGlobalSection
	GlobalSection(ProjectConfigurationPlatforms) = postSolution
		{29FDDBC9-9A44-4111-8224-E5FD737CCAE9}.Debug|Any CPU.ActiveCfg = Debug|Any CPU
		{29FDDBC9-9A44-4111-8224-E5FD737CCAE9}.Debug|Any CPU.Build.0 = Debug|Any CPU
		{29FDDBC9-9A44-4111-8224-E5FD737CCAE9}.Release|Any CPU.ActiveCfg = Release|Any CPU
		{29FDDBC9-9A44-4111-8224-E5FD737CCAE9}.Release|Any CPU.Build.0 = Release|Any CPU
	EndGlobalSection
	GlobalSection(SolutionProperties) = preSolution
		HideSolutionNode = FALSE
	EndGlobalSection
	GlobalSection(NestedProjects) = preSolution
		{29FDDBC9-9A44-4111-8224-E5FD737CCAE9} = {E8DF5E6E-E0F8-441C-BCF7-428360B4A568}
	EndGlobalSection
	GlobalSection(ExtensibilityGlobals) = postSolution
		SolutionGuid = {08B200A7-7488-4680-9BE5-59739E8A2B7D}
	EndGlobalSection
EndGlobal
