
Microsoft Visual Studio Solution File, Format Version 12.00
# Visual Studio Version 17
VisualStudioVersion = 17.5.002.0
MinimumVisualStudioVersion = 10.0.40219.1
Project("{9A19103F-16F7-4668-BE54-9A1E7A4F7556}") = "Lab_5", "Lab_5.csproj", "{430F9E53-EA45-4FEF-AAF4-63D4DFBEF148}"
EndProject
Global
	GlobalSection(SolutionConfigurationPlatforms) = preSolution
		Debug|Any CPU = Debug|Any CPU
		Release|Any CPU = Release|Any CPU
	EndGlobalSection
	GlobalSection(ProjectConfigurationPlatforms) = postSolution
		{430F9E53-EA45-4FEF-AAF4-63D4DFBEF148}.Debug|Any CPU.ActiveCfg = Debug|Any CPU
		{430F9E53-EA45-4FEF-AAF4-63D4DFBEF148}.Debug|Any CPU.Build.0 = Debug|Any CPU
		{430F9E53-EA45-4FEF-AAF4-63D4DFBEF148}.Release|Any CPU.ActiveCfg = Release|Any CPU
		{430F9E53-EA45-4FEF-AAF4-63D4DFBEF148}.Release|Any CPU.Build.0 = Release|Any CPU
	EndGlobalSection
	GlobalSection(SolutionProperties) = preSolution
		HideSolutionNode = FALSE
	EndGlobalSection
	GlobalSection(ExtensibilityGlobals) = postSolution
		SolutionGuid = {C9E6E7C8-BEB7-46EF-BDC8-D09F9B91DB48}
	EndGlobalSection
EndGlobal
